{
  "name": "ymaps-touch-scroll",
  "version": "2.2.0",
  "lockfileVersion": 1,
  "requires": true,
  "dependencies": {
    "@types/yandex-maps": {
      "version": "2.1.28",
      "resolved": "https://registry.npmjs.org/@types/yandex-maps/-/yandex-maps-2.1.28.tgz",
      "integrity": "sha512-thMdTP38GxFhdYrgEv0p8i4k2NgI8uVkjijHU97HbMQZ+83bBLJODVbdGnQxHO0+EhwQIusuLVJux782FTT5yw==",
      "dev": true
    },
    "prettier": {
      "version": "2.8.1",
      "resolved": "https://registry.npmjs.org/prettier/-/prettier-2.8.1.tgz",
      "integrity": "sha512-lqGoSJBQNJidqCHE80vqZJHWHRFoNYsSpP9AjFhlhi9ODCJA541svILes/+/1GM3VaL/abZi7cpFzOpdR9UPKg==",
      "dev": true
    },
    "typescript": {
      "version": "4.9.4",
      "resolved": "https://registry.npmjs.org/typescript/-/typescript-4.9.4.tgz",
      "integrity": "sha512-Uz+dTXYzxXXbsFpM86Wh3dKCxrQqUcVMxwU54orwlJjOpO3ao8L7j5lH+dWfTwgCwIuM9GQ2kvVotzYJMXTBZg==",
      "dev": true
    }
  }
}
